github.com/jstncnnr/go-hyprland v0.1.0 h1:bXB3Dk9PFJLmeN6RTzlKHX3g/Ja6CEwDMuq8FUXRiIo=
github.com/jstncnnr/go-hyprland v0.1.0/go.mod h1:lvzMdIEmvcCgJ5RV898x2phEBEH4vc59ogQG3+61OLY=
github.com/jstncnnr/go-hyprland v1.0.0 h1:cXAJOobL7h74lV+FGNHbBub9WhGYw9fPOka3yWYdP7E=
github.com/jstncnnr/go-hyprland v1.0.0/go.mod h1:lvzMdIEmvcCgJ5RV898x2phEBEH4vc59ogQG3+61OLY=
